
Microsoft Visual Studio Solution File, Format Version 11.00
# Visual Studio 2010
Project("{8BC9CEB8-8B4A-11D0-8D11-00A0C91BC942}") = "AddictiveNumber", "AddictiveNumber\AddictiveNumber.vcxproj", "{0AC481A2-4CBD-4284-9F0C-E32B7C0A5A34}"
EndProject
Global
	GlobalSection(SolutionConfigurationPlatforms) = preSolution
		Debug|Win32 = Debug|Win32
		Release|Win32 = Release|Win32
	EndGlobalSection
	GlobalSection(ProjectConfigurationPlatforms) = postSolution
		{0AC481A2-4CBD-4284-9F0C-E32B7C0A5A34}.Debug|Win32.ActiveCfg = Debug|Win32
		{0AC481A2-4CBD-4284-9F0C-E32B7C0A5A34}.Debug|Win32.Build.0 = Debug|Win32
		{0AC481A2-4CBD-4284-9F0C-E32B7C0A5A34}.Release|Win32.ActiveCfg = Release|Win32
		{0AC481A2-4CBD-4284-9F0C-E32B7C0A5A34}.Release|Win32.Build.0 = Release|Win32
	EndGlobalSection
	GlobalSection(SolutionProperties) = preSolution
		HideSolutionNode = FALSE
	EndGlobalSection
EndGlobal
