
Microsoft Visual Studio Solution File, Format Version 11.00
# Visual Studio 2010
Project("{8BC9CEB8-8B4A-11D0-8D11-00A0C91BC942}") = "Serialize_Tree", "Serialize_Tree\Serialize_Tree.vcxproj", "{1169DF82-86B2-4DEE-8C67-97F65113CA20}"
EndProject
Global
	GlobalSection(SolutionConfigurationPlatforms) = preSolution
		Debug|Win32 = Debug|Win32
		Release|Win32 = Release|Win32
	EndGlobalSection
	GlobalSection(ProjectConfigurationPlatforms) = postSolution
		{1169DF82-86B2-4DEE-8C67-97F65113CA20}.Debug|Win32.ActiveCfg = Debug|Win32
		{1169DF82-86B2-4DEE-8C67-97F65113CA20}.Debug|Win32.Build.0 = Debug|Win32
		{1169DF82-86B2-4DEE-8C67-97F65113CA20}.Release|Win32.ActiveCfg = Release|Win32
		{1169DF82-86B2-4DEE-8C67-97F65113CA20}.Release|Win32.Build.0 = Release|Win32
	EndGlobalSection
	GlobalSection(SolutionProperties) = preSolution
		HideSolutionNode = FALSE
	EndGlobalSection
EndGlobal
