
Microsoft Visual Studio Solution File, Format Version 11.00
# Visual Studio 2010
Project("{8BC9CEB8-8B4A-11D0-8D11-00A0C91BC942}") = "quick_sort", "quick_sort\quick_sort.vcxproj", "{227A8F22-F50B-4F67-B5A5-B37F137B533E}"
EndProject
Global
	GlobalSection(SolutionConfigurationPlatforms) = preSolution
		Debug|Win32 = Debug|Win32
		Release|Win32 = Release|Win32
	EndGlobalSection
	GlobalSection(ProjectConfigurationPlatforms) = postSolution
		{227A8F22-F50B-4F67-B5A5-B37F137B533E}.Debug|Win32.ActiveCfg = Debug|Win32
		{227A8F22-F50B-4F67-B5A5-B37F137B533E}.Debug|Win32.Build.0 = Debug|Win32
		{227A8F22-F50B-4F67-B5A5-B37F137B533E}.Release|Win32.ActiveCfg = Release|Win32
		{227A8F22-F50B-4F67-B5A5-B37F137B533E}.Release|Win32.Build.0 = Release|Win32
	EndGlobalSection
	GlobalSection(SolutionProperties) = preSolution
		HideSolutionNode = FALSE
	EndGlobalSection
EndGlobal
