
Microsoft Visual Studio Solution File, Format Version 11.00
# Visual Studio 2010
Project("{8BC9CEB8-8B4A-11D0-8D11-00A0C91BC942}") = "Singleton_hungry", "Singleton_hungry\Singleton_hungry.vcxproj", "{805DC383-AD30-4A79-A905-D0DB90B86AFD}"
EndProject
Global
	GlobalSection(SolutionConfigurationPlatforms) = preSolution
		Debug|Win32 = Debug|Win32
		Release|Win32 = Release|Win32
	EndGlobalSection
	GlobalSection(ProjectConfigurationPlatforms) = postSolution
		{805DC383-AD30-4A79-A905-D0DB90B86AFD}.Debug|Win32.ActiveCfg = Debug|Win32
		{805DC383-AD30-4A79-A905-D0DB90B86AFD}.Debug|Win32.Build.0 = Debug|Win32
		{805DC383-AD30-4A79-A905-D0DB90B86AFD}.Release|Win32.ActiveCfg = Release|Win32
		{805DC383-AD30-4A79-A905-D0DB90B86AFD}.Release|Win32.Build.0 = Release|Win32
	EndGlobalSection
	GlobalSection(SolutionProperties) = preSolution
		HideSolutionNode = FALSE
	EndGlobalSection
EndGlobal
