
Microsoft Visual Studio Solution File, Format Version 11.00
# Visual Studio 2010
Project("{8BC9CEB8-8B4A-11D0-8D11-00A0C91BC942}") = "Min_Sum", "Min_Sum\Min_Sum.vcxproj", "{6B67ABB9-4F75-4BDE-975D-36441DBEE2AB}"
EndProject
Global
	GlobalSection(SolutionConfigurationPlatforms) = preSolution
		Debug|Win32 = Debug|Win32
		Release|Win32 = Release|Win32
	EndGlobalSection
	GlobalSection(ProjectConfigurationPlatforms) = postSolution
		{6B67ABB9-4F75-4BDE-975D-36441DBEE2AB}.Debug|Win32.ActiveCfg = Debug|Win32
		{6B67ABB9-4F75-4BDE-975D-36441DBEE2AB}.Debug|Win32.Build.0 = Debug|Win32
		{6B67ABB9-4F75-4BDE-975D-36441DBEE2AB}.Release|Win32.ActiveCfg = Release|Win32
		{6B67ABB9-4F75-4BDE-975D-36441DBEE2AB}.Release|Win32.Build.0 = Release|Win32
	EndGlobalSection
	GlobalSection(SolutionProperties) = preSolution
		HideSolutionNode = FALSE
	EndGlobalSection
EndGlobal
