
Microsoft Visual Studio Solution File, Format Version 11.00
# Visual Studio 2010
Project("{8BC9CEB8-8B4A-11D0-8D11-00A0C91BC942}") = "SumOfThreeNum", "SumOfThreeNum\SumOfThreeNum.vcxproj", "{1D5E781F-4B94-4CC0-A237-4292293EDDCB}"
EndProject
Global
	GlobalSection(SolutionConfigurationPlatforms) = preSolution
		Debug|Win32 = Debug|Win32
		Release|Win32 = Release|Win32
	EndGlobalSection
	GlobalSection(ProjectConfigurationPlatforms) = postSolution
		{1D5E781F-4B94-4CC0-A237-4292293EDDCB}.Debug|Win32.ActiveCfg = Debug|Win32
		{1D5E781F-4B94-4CC0-A237-4292293EDDCB}.Debug|Win32.Build.0 = Debug|Win32
		{1D5E781F-4B94-4CC0-A237-4292293EDDCB}.Release|Win32.ActiveCfg = Release|Win32
		{1D5E781F-4B94-4CC0-A237-4292293EDDCB}.Release|Win32.Build.0 = Release|Win32
	EndGlobalSection
	GlobalSection(SolutionProperties) = preSolution
		HideSolutionNode = FALSE
	EndGlobalSection
EndGlobal
