
Microsoft Visual Studio Solution File, Format Version 11.00
# Visual Studio 2010
Project("{8BC9CEB8-8B4A-11D0-8D11-00A0C91BC942}") = "print_1toN", "print_1toN\print_1toN.vcxproj", "{1328DF8F-BB4B-40F8-B2E6-81BEA1EFA80E}"
EndProject
Global
	GlobalSection(SolutionConfigurationPlatforms) = preSolution
		Debug|Win32 = Debug|Win32
		Release|Win32 = Release|Win32
	EndGlobalSection
	GlobalSection(ProjectConfigurationPlatforms) = postSolution
		{1328DF8F-BB4B-40F8-B2E6-81BEA1EFA80E}.Debug|Win32.ActiveCfg = Debug|Win32
		{1328DF8F-BB4B-40F8-B2E6-81BEA1EFA80E}.Debug|Win32.Build.0 = Debug|Win32
		{1328DF8F-BB4B-40F8-B2E6-81BEA1EFA80E}.Release|Win32.ActiveCfg = Release|Win32
		{1328DF8F-BB4B-40F8-B2E6-81BEA1EFA80E}.Release|Win32.Build.0 = Release|Win32
	EndGlobalSection
	GlobalSection(SolutionProperties) = preSolution
		HideSolutionNode = FALSE
	EndGlobalSection
EndGlobal
